
Microsoft Visual Studio Solution File, Format Version 12.00
# Visual Studio Version 17
VisualStudioVersion = 17.12.35707.178 d17.12
MinimumVisualStudioVersion = 10.0.40219.1
Project("{FAE04EC0-301F-11D3-BF4B-00C04F79EFBC}") = "PublicComplaintForm_API", "PublicComplaintForm_API.csproj", "{7155112D-2D4F-4074-80BA-A4C2C310CFC3}"
EndProject
Global
	GlobalSection(SolutionConfigurationPlatforms) = preSolution
		Debug|Any CPU = Debug|Any CPU
		Release|Any CPU = Release|Any CPU
	EndGlobalSection
	GlobalSection(ProjectConfigurationPlatforms) = postSolution
		{7155112D-2D4F-4074-80BA-A4C2C310CFC3}.Debug|Any CPU.ActiveCfg = Debug|Any CPU
		{7155112D-2D4F-4074-80BA-A4C2C310CFC3}.Debug|Any CPU.Build.0 = Debug|Any CPU
		{7155112D-2D4F-4074-80BA-A4C2C310CFC3}.Release|Any CPU.ActiveCfg = Release|Any CPU
		{7155112D-2D4F-4074-80BA-A4C2C310CFC3}.Release|Any CPU.Build.0 = Release|Any CPU
	EndGlobalSection
	GlobalSection(SolutionProperties) = preSolution
		HideSolutionNode = FALSE
	EndGlobalSection
EndGlobal
